
Microsoft Visual Studio Solution File, Format Version 12.00
# Visual Studio 2012
Project("{FAE04EC0-301F-11D3-BF4B-00C04F79EFBC}") = "UIAulas", "UIAulas\UIAulas.csproj", "{5A1C2F16-DA29-4E94-9392-4519F1C752E6}"
EndProject
Project("{FAE04EC0-301F-11D3-BF4B-00C04F79EFBC}") = "EntidadesAula", "EntidadesAula\EntidadesAula.csproj", "{D91A49B8-9270-4C9E-84E2-E3E7A360EF12}"
EndProject
Global
	GlobalSection(SolutionConfigurationPlatforms) = preSolution
		Debug|Any CPU = Debug|Any CPU
		Release|Any CPU = Release|Any CPU
	EndGlobalSection
	GlobalSection(ProjectConfigurationPlatforms) = postSolution
		{5A1C2F16-DA29-4E94-9392-4519F1C752E6}.Debug|Any CPU.ActiveCfg = Debug|Any CPU
		{5A1C2F16-DA29-4E94-9392-4519F1C752E6}.Debug|Any CPU.Build.0 = Debug|Any CPU
		{5A1C2F16-DA29-4E94-9392-4519F1C752E6}.Release|Any CPU.ActiveCfg = Release|Any CPU
		{5A1C2F16-DA29-4E94-9392-4519F1C752E6}.Release|Any CPU.Build.0 = Release|Any CPU
		{D91A49B8-9270-4C9E-84E2-E3E7A360EF12}.Debug|Any CPU.ActiveCfg = Debug|Any CPU
		{D91A49B8-9270-4C9E-84E2-E3E7A360EF12}.Debug|Any CPU.Build.0 = Debug|Any CPU
		{D91A49B8-9270-4C9E-84E2-E3E7A360EF12}.Release|Any CPU.ActiveCfg = Release|Any CPU
		{D91A49B8-9270-4C9E-84E2-E3E7A360EF12}.Release|Any CPU.Build.0 = Release|Any CPU
	EndGlobalSection
	GlobalSection(SolutionProperties) = preSolution
		HideSolutionNode = FALSE
	EndGlobalSection
EndGlobal
